
Microsoft Visual Studio Solution File, Format Version 12.00
# Visual Studio Version 17
VisualStudioVersion = 17.7.34202.233
MinimumVisualStudioVersion = 10.0.40219.1
Project("{FAE04EC0-301F-11D3-BF4B-00C04F79EFBC}") = "RelojApp", "RelojApp.csproj", "{9387C550-0F26-491C-91CB-B059EACFA6C1}"
EndProject
Global
	GlobalSection(SolutionConfigurationPlatforms) = preSolution
		Debug|Any CPU = Debug|Any CPU
		Release|Any CPU = Release|Any CPU
	EndGlobalSection
	GlobalSection(ProjectConfigurationPlatforms) = postSolution
		{9387C550-0F26-491C-91CB-B059EACFA6C1}.Debug|Any CPU.ActiveCfg = Debug|Any CPU
		{9387C550-0F26-491C-91CB-B059EACFA6C1}.Debug|Any CPU.Build.0 = Debug|Any CPU
		{9387C550-0F26-491C-91CB-B059EACFA6C1}.Debug|Any CPU.Deploy.0 = Debug|Any CPU
		{9387C550-0F26-491C-91CB-B059EACFA6C1}.Release|Any CPU.ActiveCfg = Release|Any CPU
		{9387C550-0F26-491C-91CB-B059EACFA6C1}.Release|Any CPU.Build.0 = Release|Any CPU
		{9387C550-0F26-491C-91CB-B059EACFA6C1}.Release|Any CPU.Deploy.0 = Release|Any CPU
	EndGlobalSection
	GlobalSection(SolutionProperties) = preSolution
		HideSolutionNode = FALSE
	EndGlobalSection
	GlobalSection(ExtensibilityGlobals) = postSolution
		SolutionGuid = {C7F42DD9-6B57-4917-9EC5-108EF5AD8562}
	EndGlobalSection
EndGlobal
